
Microsoft Visual Studio Solution File, Format Version 12.00
# Visual Studio Version 17
VisualStudioVersion = 17.0.31903.59
MinimumVisualStudioVersion = 10.0.40219.1
Project("{FAE04EC0-301F-11D3-BF4B-00C04F79EFBC}") = "AzureFunctionsOrchestrationSaga.Core", "AzureFunctionsOrchestrationSaga.Core\AzureFunctionsOrchestrationSaga.Core.csproj", "{34BFE839-4303-4997-A0CC-7301BDDCF842}"
EndProject
Project("{FAE04EC0-301F-11D3-BF4B-00C04F79EFBC}") = "AzureFunctionsOrchestrationSaga.Functions", "AzureFunctionsOrchestrationSaga.Functions\AzureFunctionsOrchestrationSaga.Functions.csproj", "{B7657DBB-97EB-440D-BF38-224163FD5542}"
EndProject
Global
	GlobalSection(SolutionConfigurationPlatforms) = preSolution
		Debug|Any CPU = Debug|Any CPU
		Release|Any CPU = Release|Any CPU
	EndGlobalSection
	GlobalSection(SolutionProperties) = preSolution
		HideSolutionNode = FALSE
	EndGlobalSection
	GlobalSection(ProjectConfigurationPlatforms) = postSolution
		{34BFE839-4303-4997-A0CC-7301BDDCF842}.Debug|Any CPU.ActiveCfg = Debug|Any CPU
		{34BFE839-4303-4997-A0CC-7301BDDCF842}.Debug|Any CPU.Build.0 = Debug|Any CPU
		{34BFE839-4303-4997-A0CC-7301BDDCF842}.Release|Any CPU.ActiveCfg = Release|Any CPU
		{34BFE839-4303-4997-A0CC-7301BDDCF842}.Release|Any CPU.Build.0 = Release|Any CPU
		{B7657DBB-97EB-440D-BF38-224163FD5542}.Debug|Any CPU.ActiveCfg = Debug|Any CPU
		{B7657DBB-97EB-440D-BF38-224163FD5542}.Debug|Any CPU.Build.0 = Debug|Any CPU
		{B7657DBB-97EB-440D-BF38-224163FD5542}.Release|Any CPU.ActiveCfg = Release|Any CPU
		{B7657DBB-97EB-440D-BF38-224163FD5542}.Release|Any CPU.Build.0 = Release|Any CPU
	EndGlobalSection
EndGlobal
